// !$*UTF8*$!
{
	archiveVersion = 1;
	classes = {
	};
	objectVersion = 56;
	objects = {

/* Begin PBXBuildFile section */
		E45F19DD2C3BD4AF00AE79DC /* Content.swift in Sources */ = {isa = PBXBuildFile; fileRef = E45F19DC2C3BD4AF00AE79DC /* Content.swift */; };
		E45F19DF2C3BD81B00AE79DC /* BigImageCollectionViewCell.swift in Sources */ = {isa = PBXBuildFile; fileRef = E45F19DE2C3BD81B00AE79DC /* BigImageCollectionViewCell.swift */; };
		E461BD652BDB8BE2008CFD7D /* AppDelegate.swift in Sources */ = {isa = PBXBuildFile; fileRef = E461BD642BDB8BE2008CFD7D /* AppDelegate.swift */; };
		E461BD672BDB8BE2008CFD7D /* SceneDelegate.swift in Sources */ = {isa = PBXBuildFile; fileRef = E461BD662BDB8BE2008CFD7D /* SceneDelegate.swift */; };
		E461BD692BDB8BE2008CFD7D /* ViewController.swift in Sources */ = {isa = PBXBuildFile; fileRef = E461BD682BDB8BE2008CFD7D /* ViewController.swift */; };
		E461BD6C2BDB8BE2008CFD7D /* Main.storyboard in Resources */ = {isa = PBXBuildFile; fileRef = E461BD6A2BDB8BE2008CFD7D /* Main.storyboard */; };
		E461BD6E2BDB8BE3008CFD7D /* Assets.xcassets in Resources */ = {isa = PBXBuildFile; fileRef = E461BD6D2BDB8BE3008CFD7D /* Assets.xcassets */; };
		E461BD712BDB8BE3008CFD7D /* LaunchScreen.storyboard in Resources */ = {isa = PBXBuildFile; fileRef = E461BD6F2BDB8BE3008CFD7D /* LaunchScreen.storyboard */; };
		E461BD7E2BDB90E5008CFD7D /* SnapKit in Frameworks */ = {isa = PBXBuildFile; productRef = E461BD7D2BDB90E5008CFD7D /* SnapKit */; };
		E461BD812BDB9106008CFD7D /* RxCocoa in Frameworks */ = {isa = PBXBuildFile; productRef = E461BD802BDB9106008CFD7D /* RxCocoa */; };
		E461BD832BDB9106008CFD7D /* RxRelay in Frameworks */ = {isa = PBXBuildFile; productRef = E461BD822BDB9106008CFD7D /* RxRelay */; };
		E461BD852BDB9106008CFD7D /* RxSwift in Frameworks */ = {isa = PBXBuildFile; productRef = E461BD842BDB9106008CFD7D /* RxSwift */; };
		E461BD882BDB9117008CFD7D /* Alamofire in Frameworks */ = {isa = PBXBuildFile; productRef = E461BD872BDB9117008CFD7D /* Alamofire */; };
		E461BD8B2BDB98BA008CFD7D /* Kingfisher in Frameworks */ = {isa = PBXBuildFile; productRef = E461BD8A2BDB98BA008CFD7D /* Kingfisher */; };
		E48650C22BDE4A55001A7CC8 /* MVVM_RxSwiftTests_UnitTest.swift in Sources */ = {isa = PBXBuildFile; fileRef = E48650C12BDE4A55001A7CC8 /* MVVM_RxSwiftTests_UnitTest.swift */; };
		E48650CF2BDE4A6E001A7CC8 /* MVVM_RxSwiftUITests.swift in Sources */ = {isa = PBXBuildFile; fileRef = E48650CE2BDE4A6E001A7CC8 /* MVVM_RxSwiftUITests.swift */; };
		E48650D12BDE4A6E001A7CC8 /* MVVM_RxSwiftUITestsLaunchTests.swift in Sources */ = {isa = PBXBuildFile; fileRef = E48650D02BDE4A6E001A7CC8 /* MVVM_RxSwiftUITestsLaunchTests.swift */; };
		E48650D92BDE6148001A7CC8 /* RxAlamofire in Frameworks */ = {isa = PBXBuildFile; productRef = E48650D82BDE6148001A7CC8 /* RxAlamofire */; };
		E48650DC2BDE6212001A7CC8 /* Const.swift in Sources */ = {isa = PBXBuildFile; fileRef = E48650DB2BDE6212001A7CC8 /* Const.swift */; };
		E48650DF2BDE62AF001A7CC8 /* TV.swift in Sources */ = {isa = PBXBuildFile; fileRef = E48650DE2BDE62AF001A7CC8 /* TV.swift */; };
		E48650E12BDE65D7001A7CC8 /* Movie.swift in Sources */ = {isa = PBXBuildFile; fileRef = E48650E02BDE65D7001A7CC8 /* Movie.swift */; };
		E48650E32BDE66AC001A7CC8 /* MovieResult.swift in Sources */ = {isa = PBXBuildFile; fileRef = E48650E22BDE66AC001A7CC8 /* MovieResult.swift */; };
		E48650E52BDE6BBE001A7CC8 /* Network.swift in Sources */ = {isa = PBXBuildFile; fileRef = E48650E42BDE6BBE001A7CC8 /* Network.swift */; };
		E48650E72BDE6D5F001A7CC8 /* TVNetwork.swift in Sources */ = {isa = PBXBuildFile; fileRef = E48650E62BDE6D5F001A7CC8 /* TVNetwork.swift */; };
		E48650E92BDE6DE2001A7CC8 /* MovieNetwork.swift in Sources */ = {isa = PBXBuildFile; fileRef = E48650E82BDE6DE2001A7CC8 /* MovieNetwork.swift */; };
		E48650EB2BDE6E82001A7CC8 /* NetworkProvider.swift in Sources */ = {isa = PBXBuildFile; fileRef = E48650EA2BDE6E82001A7CC8 /* NetworkProvider.swift */; };
		E492F2BE2C426D4B0012B7F3 /* ListCollectionViewCell.swift in Sources */ = {isa = PBXBuildFile; fileRef = E492F2BD2C426D4B0012B7F3 /* ListCollectionViewCell.swift */; };
		E492F2C02C4270BD0012B7F3 /* HeaderView.swift in Sources */ = {isa = PBXBuildFile; fileRef = E492F2BF2C4270BD0012B7F3 /* HeaderView.swift */; };
		E4EC74442BE4F09400D1C9FD /* ButtonView.swift in Sources */ = {isa = PBXBuildFile; fileRef = E4EC74432BE4F09400D1C9FD /* ButtonView.swift */; };
		E4EC74482BE4F75E00D1C9FD /* ViewModel.swift in Sources */ = {isa = PBXBuildFile; fileRef = E4EC74472BE4F75E00D1C9FD /* ViewModel.swift */; };
		E4EC744D2BE8B37B00D1C9FD /* NormalCollectionViewCell.swift in Sources */ = {isa = PBXBuildFile; fileRef = E4EC744C2BE8B37B00D1C9FD /* NormalCollectionViewCell.swift */; };
/* End PBXBuildFile section */

/* Begin PBXContainerItemProxy section */
		E48650C32BDE4A55001A7CC8 /* PBXContainerItemProxy */ = {
			isa = PBXContainerItemProxy;
			containerPortal = E461BD592BDB8BE2008CFD7D /* Project object */;
			proxyType = 1;
			remoteGlobalIDString = E461BD602BDB8BE2008CFD7D;
			remoteInfo = MVVM_RxSwift;
		};
		E48650D22BDE4A6E001A7CC8 /* PBXContainerItemProxy */ = {
			isa = PBXContainerItemProxy;
			containerPortal = E461BD592BDB8BE2008CFD7D /* Project object */;
			proxyType = 1;
			remoteGlobalIDString = E461BD602BDB8BE2008CFD7D;
			remoteInfo = MVVM_RxSwift;
		};
/* End PBXContainerItemProxy section */

/* Begin PBXFileReference section */
		E45F19DC2C3BD4AF00AE79DC /* Content.swift */ = {isa = PBXFileReference; lastKnownFileType = sourcecode.swift; path = Content.swift; sourceTree = "<group>"; };
		E45F19DE2C3BD81B00AE79DC /* BigImageCollectionViewCell.swift */ = {isa = PBXFileReference; lastKnownFileType = sourcecode.swift; path = BigImageCollectionViewCell.swift; sourceTree = "<group>"; };
		E461BD612BDB8BE2008CFD7D /* MVVM_RxSwift.app */ = {isa = PBXFileReference; explicitFileType = wrapper.application; includeInIndex = 0; path = MVVM_RxSwift.app; sourceTree = BUILT_PRODUCTS_DIR; };
		E461BD642BDB8BE2008CFD7D /* AppDelegate.swift */ = {isa = PBXFileReference; lastKnownFileType = sourcecode.swift; path = AppDelegate.swift; sourceTree = "<group>"; };
		E461BD662BDB8BE2008CFD7D /* SceneDelegate.swift */ = {isa = PBXFileReference; lastKnownFileType = sourcecode.swift; path = SceneDelegate.swift; sourceTree = "<group>"; };
		E461BD682BDB8BE2008CFD7D /* ViewController.swift */ = {isa = PBXFileReference; lastKnownFileType = sourcecode.swift; path = ViewController.swift; sourceTree = "<group>"; };
		E461BD6B2BDB8BE2008CFD7D /* Base */ = {isa = PBXFileReference; lastKnownFileType = file.storyboard; name = Base; path = Base.lproj/Main.storyboard; sourceTree = "<group>"; };
		E461BD6D2BDB8BE3008CFD7D /* Assets.xcassets */ = {isa = PBXFileReference; lastKnownFileType = folder.assetcatalog; path = Assets.xcassets; sourceTree = "<group>"; };
		E461BD702BDB8BE3008CFD7D /* Base */ = {isa = PBXFileReference; lastKnownFileType = file.storyboard; name = Base; path = Base.lproj/LaunchScreen.storyboard; sourceTree = "<group>"; };
		E461BD722BDB8BE3008CFD7D /* Info.plist */ = {isa = PBXFileReference; lastKnownFileType = text.plist.xml; path = Info.plist; sourceTree = "<group>"; };
		E48650BF2BDE4A55001A7CC8 /* MVVM_RxSwiftTests_UnitTest.xctest */ = {isa = PBXFileReference; explicitFileType = wrapper.cfbundle; includeInIndex = 0; path = MVVM_RxSwiftTests_UnitTest.xctest; sourceTree = BUILT_PRODUCTS_DIR; };
		E48650C12BDE4A55001A7CC8 /* MVVM_RxSwiftTests_UnitTest.swift */ = {isa = PBXFileReference; lastKnownFileType = sourcecode.swift; path = MVVM_RxSwiftTests_UnitTest.swift; sourceTree = "<group>"; };
		E48650CC2BDE4A6D001A7CC8 /* MVVM_RxSwiftUITests.xctest */ = {isa = PBXFileReference; explicitFileType = wrapper.cfbundle; includeInIndex = 0; path = MVVM_RxSwiftUITests.xctest; sourceTree = BUILT_PRODUCTS_DIR; };
		E48650CE2BDE4A6E001A7CC8 /* MVVM_RxSwiftUITests.swift */ = {isa = PBXFileReference; lastKnownFileType = sourcecode.swift; path = MVVM_RxSwiftUITests.swift; sourceTree = "<group>"; };
		E48650D02BDE4A6E001A7CC8 /* MVVM_RxSwiftUITestsLaunchTests.swift */ = {isa = PBXFileReference; lastKnownFileType = sourcecode.swift; path = MVVM_RxSwiftUITestsLaunchTests.swift; sourceTree = "<group>"; };
		E48650DB2BDE6212001A7CC8 /* Const.swift */ = {isa = PBXFileReference; lastKnownFileType = sourcecode.swift; path = Const.swift; sourceTree = "<group>"; };
		E48650DE2BDE62AF001A7CC8 /* TV.swift */ = {isa = PBXFileReference; lastKnownFileType = sourcecode.swift; path = TV.swift; sourceTree = "<group>"; };
		E48650E02BDE65D7001A7CC8 /* Movie.swift */ = {isa = PBXFileReference; lastKnownFileType = sourcecode.swift; path = Movie.swift; sourceTree = "<group>"; };
		E48650E22BDE66AC001A7CC8 /* MovieResult.swift */ = {isa = PBXFileReference; lastKnownFileType = sourcecode.swift; path = MovieResult.swift; sourceTree = "<group>"; };
		E48650E42BDE6BBE001A7CC8 /* Network.swift */ = {isa = PBXFileReference; lastKnownFileType = sourcecode.swift; path = Network.swift; sourceTree = "<group>"; };
		E48650E62BDE6D5F001A7CC8 /* TVNetwork.swift */ = {isa = PBXFileReference; lastKnownFileType = sourcecode.swift; path = TVNetwork.swift; sourceTree = "<group>"; };
		E48650E82BDE6DE2001A7CC8 /* MovieNetwork.swift */ = {isa = PBXFileReference; lastKnownFileType = sourcecode.swift; path = MovieNetwork.swift; sourceTree = "<group>"; };
		E48650EA2BDE6E82001A7CC8 /* NetworkProvider.swift */ = {isa = PBXFileReference; lastKnownFileType = sourcecode.swift; path = NetworkProvider.swift; sourceTree = "<group>"; };
		E492F2BD2C426D4B0012B7F3 /* ListCollectionViewCell.swift */ = {isa = PBXFileReference; lastKnownFileType = sourcecode.swift; path = ListCollectionViewCell.swift; sourceTree = "<group>"; };
		E492F2BF2C4270BD0012B7F3 /* HeaderView.swift */ = {isa = PBXFileReference; lastKnownFileType = sourcecode.swift; path = HeaderView.swift; sourceTree = "<group>"; };
		E4EC74432BE4F09400D1C9FD /* ButtonView.swift */ = {isa = PBXFileReference; lastKnownFileType = sourcecode.swift; path = ButtonView.swift; sourceTree = "<group>"; };
		E4EC74472BE4F75E00D1C9FD /* ViewModel.swift */ = {isa = PBXFileReference; lastKnownFileType = sourcecode.swift; path = ViewModel.swift; sourceTree = "<group>"; };
		E4EC744C2BE8B37B00D1C9FD /* NormalCollectionViewCell.swift */ = {isa = PBXFileReference; lastKnownFileType = sourcecode.swift; path = NormalCollectionViewCell.swift; sourceTree = "<group>"; };
/* End PBXFileReference section */

/* Begin PBXFrameworksBuildPhase section */
		E461BD5E2BDB8BE2008CFD7D /* Frameworks */ = {
			isa = PBXFrameworksBuildPhase;
			buildActionMask = 2147483647;
			files = (
				E461BD8B2BDB98BA008CFD7D /* Kingfisher in Frameworks */,
				E461BD882BDB9117008CFD7D /* Alamofire in Frameworks */,
				E461BD832BDB9106008CFD7D /* RxRelay in Frameworks */,
				E461BD812BDB9106008CFD7D /* RxCocoa in Frameworks */,
				E461BD852BDB9106008CFD7D /* RxSwift in Frameworks */,
				E48650D92BDE6148001A7CC8 /* RxAlamofire in Frameworks */,
				E461BD7E2BDB90E5008CFD7D /* SnapKit in Frameworks */,
			);
			runOnlyForDeploymentPostprocessing = 0;
		};
		E48650BC2BDE4A55001A7CC8 /* Frameworks */ = {
			isa = PBXFrameworksBuildPhase;
			buildActionMask = 2147483647;
			files = (
			);
			runOnlyForDeploymentPostprocessing = 0;
		};
		E48650C92BDE4A6D001A7CC8 /* Frameworks */ = {
			isa = PBXFrameworksBuildPhase;
			buildActionMask = 2147483647;
			files = (
			);
			runOnlyForDeploymentPostprocessing = 0;
		};
/* End PBXFrameworksBuildPhase section */

/* Begin PBXGroup section */
		E461BD582BDB8BE2008CFD7D = {
			isa = PBXGroup;
			children = (
				E461BD632BDB8BE2008CFD7D /* MVVM_RxSwift */,
				E48650C02BDE4A55001A7CC8 /* MVVM_RxSwiftTests_UnitTest */,
				E48650CD2BDE4A6E001A7CC8 /* MVVM_RxSwiftUITests */,
				E461BD622BDB8BE2008CFD7D /* Products */,
			);
			sourceTree = "<group>";
		};
		E461BD622BDB8BE2008CFD7D /* Products */ = {
			isa = PBXGroup;
			children = (
				E461BD612BDB8BE2008CFD7D /* MVVM_RxSwift.app */,
				E48650BF2BDE4A55001A7CC8 /* MVVM_RxSwiftTests_UnitTest.xctest */,
				E48650CC2BDE4A6D001A7CC8 /* MVVM_RxSwiftUITests.xctest */,
			);
			name = Products;
			sourceTree = "<group>";
		};
		E461BD632BDB8BE2008CFD7D /* MVVM_RxSwift */ = {
			isa = PBXGroup;
			children = (
				E461BD722BDB8BE3008CFD7D /* Info.plist */,
				E4EC744A2BE8B27900D1C9FD /* View */,
				E4EC74452BE4F73500D1C9FD /* App */,
				E48650DA2BDE6204001A7CC8 /* Network */,
			);
			path = MVVM_RxSwift;
			sourceTree = "<group>";
		};
		E48650C02BDE4A55001A7CC8 /* MVVM_RxSwiftTests_UnitTest */ = {
			isa = PBXGroup;
			children = (
				E48650C12BDE4A55001A7CC8 /* MVVM_RxSwiftTests_UnitTest.swift */,
			);
			path = MVVM_RxSwiftTests_UnitTest;
			sourceTree = "<group>";
		};
		E48650CD2BDE4A6E001A7CC8 /* MVVM_RxSwiftUITests */ = {
			isa = PBXGroup;
			children = (
				E48650CE2BDE4A6E001A7CC8 /* MVVM_RxSwiftUITests.swift */,
				E48650D02BDE4A6E001A7CC8 /* MVVM_RxSwiftUITestsLaunchTests.swift */,
			);
			path = MVVM_RxSwiftUITests;
			sourceTree = "<group>";
		};
		E48650DA2BDE6204001A7CC8 /* Network */ = {
			isa = PBXGroup;
			children = (
				E48650DB2BDE6212001A7CC8 /* Const.swift */,
				E48650DD2BDE62A1001A7CC8 /* Entities */,
				E48650E42BDE6BBE001A7CC8 /* Network.swift */,
				E48650E62BDE6D5F001A7CC8 /* TVNetwork.swift */,
				E48650E82BDE6DE2001A7CC8 /* MovieNetwork.swift */,
				E48650EA2BDE6E82001A7CC8 /* NetworkProvider.swift */,
			);
			path = Network;
			sourceTree = "<group>";
		};
		E48650DD2BDE62A1001A7CC8 /* Entities */ = {
			isa = PBXGroup;
			children = (
				E48650DE2BDE62AF001A7CC8 /* TV.swift */,
				E48650E02BDE65D7001A7CC8 /* Movie.swift */,
				E48650E22BDE66AC001A7CC8 /* MovieResult.swift */,
				E45F19DC2C3BD4AF00AE79DC /* Content.swift */,
			);
			path = Entities;
			sourceTree = "<group>";
		};
		E4EC74452BE4F73500D1C9FD /* App */ = {
			isa = PBXGroup;
			children = (
				E461BD6A2BDB8BE2008CFD7D /* Main.storyboard */,
				E461BD6F2BDB8BE3008CFD7D /* LaunchScreen.storyboard */,
				E461BD6D2BDB8BE3008CFD7D /* Assets.xcassets */,
				E4EC74462BE4F73A00D1C9FD /* Delegate */,
			);
			path = App;
			sourceTree = "<group>";
		};
		E4EC74462BE4F73A00D1C9FD /* Delegate */ = {
			isa = PBXGroup;
			children = (
				E461BD642BDB8BE2008CFD7D /* AppDelegate.swift */,
				E461BD662BDB8BE2008CFD7D /* SceneDelegate.swift */,
			);
			path = Delegate;
			sourceTree = "<group>";
		};
		E4EC744A2BE8B27900D1C9FD /* View */ = {
			isa = PBXGroup;
			children = (
				E4EC744B2BE8B36800D1C9FD /* Cells */,
				E461BD682BDB8BE2008CFD7D /* ViewController.swift */,
				E4EC74472BE4F75E00D1C9FD /* ViewModel.swift */,
				E4EC74432BE4F09400D1C9FD /* ButtonView.swift */,
			);
			path = View;
			sourceTree = "<group>";
		};
		E4EC744B2BE8B36800D1C9FD /* Cells */ = {
			isa = PBXGroup;
			children = (
				E4EC744C2BE8B37B00D1C9FD /* NormalCollectionViewCell.swift */,
				E45F19DE2C3BD81B00AE79DC /* BigImageCollectionViewCell.swift */,
				E492F2BD2C426D4B0012B7F3 /* ListCollectionViewCell.swift */,
				E492F2BF2C4270BD0012B7F3 /* HeaderView.swift */,
			);
			path = Cells;
			sourceTree = "<group>";
		};
/* End PBXGroup section */

/* Begin PBXNativeTarget section */
		E461BD602BDB8BE2008CFD7D /* MVVM_RxSwift */ = {
			isa = PBXNativeTarget;
			buildConfigurationList = E461BD752BDB8BE3008CFD7D /* Build configuration list for PBXNativeTarget "MVVM_RxSwift" */;
			buildPhases = (
				E461BD5D2BDB8BE2008CFD7D /* Sources */,
				E461BD5E2BDB8BE2008CFD7D /* Frameworks */,
				E461BD5F2BDB8BE2008CFD7D /* Resources */,
			);
			buildRules = (
			);
			dependencies = (
			);
			name = MVVM_RxSwift;
			packageProductDependencies = (
				E461BD7D2BDB90E5008CFD7D /* SnapKit */,
				E461BD802BDB9106008CFD7D /* RxCocoa */,
				E461BD822BDB9106008CFD7D /* RxRelay */,
				E461BD842BDB9106008CFD7D /* RxSwift */,
				E461BD872BDB9117008CFD7D /* Alamofire */,
				E461BD8A2BDB98BA008CFD7D /* Kingfisher */,
				E48650D82BDE6148001A7CC8 /* RxAlamofire */,
			);
			productName = MVVM_RxSwift;
			productReference = E461BD612BDB8BE2008CFD7D /* MVVM_RxSwift.app */;
			productType = "com.apple.product-type.application";
		};
		E48650BE2BDE4A55001A7CC8 /* MVVM_RxSwiftTests_UnitTest */ = {
			isa = PBXNativeTarget;
			buildConfigurationList = E48650C72BDE4A55001A7CC8 /* Build configuration list for PBXNativeTarget "MVVM_RxSwiftTests_UnitTest" */;
			buildPhases = (
				E48650BB2BDE4A55001A7CC8 /* Sources */,
				E48650BC2BDE4A55001A7CC8 /* Frameworks */,
				E48650BD2BDE4A55001A7CC8 /* Resources */,
			);
			buildRules = (
			);
			dependencies = (
				E48650C42BDE4A55001A7CC8 /* PBXTargetDependency */,
			);
			name = MVVM_RxSwiftTests_UnitTest;
			productName = MVVM_RxSwiftTests_UnitTest;
			productReference = E48650BF2BDE4A55001A7CC8 /* MVVM_RxSwiftTests_UnitTest.xctest */;
			productType = "com.apple.product-type.bundle.unit-test";
		};
		E48650CB2BDE4A6D001A7CC8 /* MVVM_RxSwiftUITests */ = {
			isa = PBXNativeTarget;
			buildConfigurationList = E48650D42BDE4A6E001A7CC8 /* Build configuration list for PBXNativeTarget "MVVM_RxSwiftUITests" */;
			buildPhases = (
				E48650C82BDE4A6D001A7CC8 /* Sources */,
				E48650C92BDE4A6D001A7CC8 /* Frameworks */,
				E48650CA2BDE4A6D001A7CC8 /* Resources */,
			);
			buildRules = (
			);
			dependencies = (
				E48650D32BDE4A6E001A7CC8 /* PBXTargetDependency */,
			);
			name = MVVM_RxSwiftUITests;
			productName = MVVM_RxSwiftUITests;
			productReference = E48650CC2BDE4A6D001A7CC8 /* MVVM_RxSwiftUITests.xctest */;
			productType = "com.apple.product-type.bundle.ui-testing";
		};
/* End PBXNativeTarget section */

/* Begin PBXProject section */
		E461BD592BDB8BE2008CFD7D /* Project object */ = {
			isa = PBXProject;
			attributes = {
				BuildIndependentTargetsInParallel = 1;
				LastSwiftUpdateCheck = 1430;
				LastUpgradeCheck = 1430;
				TargetAttributes = {
					E461BD602BDB8BE2008CFD7D = {
						CreatedOnToolsVersion = 14.3.1;
					};
					E48650BE2BDE4A55001A7CC8 = {
						CreatedOnToolsVersion = 14.3.1;
						TestTargetID = E461BD602BDB8BE2008CFD7D;
					};
					E48650CB2BDE4A6D001A7CC8 = {
						CreatedOnToolsVersion = 14.3.1;
						TestTargetID = E461BD602BDB8BE2008CFD7D;
					};
				};
			};
			buildConfigurationList = E461BD5C2BDB8BE2008CFD7D /* Build configuration list for PBXProject "MVVM_RxSwift" */;
			compatibilityVersion = "Xcode 14.0";
			developmentRegion = en;
			hasScannedForEncodings = 0;
			knownRegions = (
				en,
				Base,
			);
			mainGroup = E461BD582BDB8BE2008CFD7D;
			packageReferences = (
				E461BD7C2BDB90E5008CFD7D /* XCRemoteSwiftPackageReference "SnapKit" */,
				E461BD7F2BDB9106008CFD7D /* XCRemoteSwiftPackageReference "RxSwift" */,
				E461BD862BDB9117008CFD7D /* XCRemoteSwiftPackageReference "Alamofire" */,
				E461BD892BDB98BA008CFD7D /* XCRemoteSwiftPackageReference "Kingfisher" */,
				E48650D72BDE6148001A7CC8 /* XCRemoteSwiftPackageReference "RxAlamofire" */,
			);
			productRefGroup = E461BD622BDB8BE2008CFD7D /* Products */;
			projectDirPath = "";
			projectRoot = "";
			targets = (
				E461BD602BDB8BE2008CFD7D /* MVVM_RxSwift */,
				E48650BE2BDE4A55001A7CC8 /* MVVM_RxSwiftTests_UnitTest */,
				E48650CB2BDE4A6D001A7CC8 /* MVVM_RxSwiftUITests */,
			);
		};
/* End PBXProject section */

/* Begin PBXResourcesBuildPhase section */
		E461BD5F2BDB8BE2008CFD7D /* Resources */ = {
			isa = PBXResourcesBuildPhase;
			buildActionMask = 2147483647;
			files = (
				E461BD712BDB8BE3008CFD7D /* LaunchScreen.storyboard in Resources */,
				E461BD6E2BDB8BE3008CFD7D /* Assets.xcassets in Resources */,
				E461BD6C2BDB8BE2008CFD7D /* Main.storyboard in Resources */,
			);
			runOnlyForDeploymentPostprocessing = 0;
		};
		E48650BD2BDE4A55001A7CC8 /* Resources */ = {
			isa = PBXResourcesBuildPhase;
			buildActionMask = 2147483647;
			files = (
			);
			runOnlyForDeploymentPostprocessing = 0;
		};
		E48650CA2BDE4A6D001A7CC8 /* Resources */ = {
			isa = PBXResourcesBuildPhase;
			buildActionMask = 2147483647;
			files = (
			);
			runOnlyForDeploymentPostprocessing = 0;
		};
/* End PBXResourcesBuildPhase section */

/* Begin PBXSourcesBuildPhase section */
		E461BD5D2BDB8BE2008CFD7D /* Sources */ = {
			isa = PBXSourcesBuildPhase;
			buildActionMask = 2147483647;
			files = (
				E48650E32BDE66AC001A7CC8 /* MovieResult.swift in Sources */,
				E492F2C02C4270BD0012B7F3 /* HeaderView.swift in Sources */,
				E4EC74442BE4F09400D1C9FD /* ButtonView.swift in Sources */,
				E48650E52BDE6BBE001A7CC8 /* Network.swift in Sources */,
				E461BD692BDB8BE2008CFD7D /* ViewController.swift in Sources */,
				E48650E72BDE6D5F001A7CC8 /* TVNetwork.swift in Sources */,
				E4EC74482BE4F75E00D1C9FD /* ViewModel.swift in Sources */,
				E4EC744D2BE8B37B00D1C9FD /* NormalCollectionViewCell.swift in Sources */,
				E48650DF2BDE62AF001A7CC8 /* TV.swift in Sources */,
				E45F19DD2C3BD4AF00AE79DC /* Content.swift in Sources */,
				E461BD652BDB8BE2008CFD7D /* AppDelegate.swift in Sources */,
				E48650E92BDE6DE2001A7CC8 /* MovieNetwork.swift in Sources */,
				E48650E12BDE65D7001A7CC8 /* Movie.swift in Sources */,
				E492F2BE2C426D4B0012B7F3 /* ListCollectionViewCell.swift in Sources */,
				E48650DC2BDE6212001A7CC8 /* Const.swift in Sources */,
				E461BD672BDB8BE2008CFD7D /* SceneDelegate.swift in Sources */,
				E45F19DF2C3BD81B00AE79DC /* BigImageCollectionViewCell.swift in Sources */,
				E48650EB2BDE6E82001A7CC8 /* NetworkProvider.swift in Sources */,
			);
			runOnlyForDeploymentPostprocessing = 0;
		};
		E48650BB2BDE4A55001A7CC8 /* Sources */ = {
			isa = PBXSourcesBuildPhase;
			buildActionMask = 2147483647;
			files = (
				E48650C22BDE4A55001A7CC8 /* MVVM_RxSwiftTests_UnitTest.swift in Sources */,
			);
			runOnlyForDeploymentPostprocessing = 0;
		};
		E48650C82BDE4A6D001A7CC8 /* Sources */ = {
			isa = PBXSourcesBuildPhase;
			buildActionMask = 2147483647;
			files = (
				E48650D12BDE4A6E001A7CC8 /* MVVM_RxSwiftUITestsLaunchTests.swift in Sources */,
				E48650CF2BDE4A6E001A7CC8 /* MVVM_RxSwiftUITests.swift in Sources */,
			);
			runOnlyForDeploymentPostprocessing = 0;
		};
/* End PBXSourcesBuildPhase section */

/* Begin PBXTargetDependency section */
		E48650C42BDE4A55001A7CC8 /* PBXTargetDependency */ = {
			isa = PBXTargetDependency;
			target = E461BD602BDB8BE2008CFD7D /* MVVM_RxSwift */;
			targetProxy = E48650C32BDE4A55001A7CC8 /* PBXContainerItemProxy */;
		};
		E48650D32BDE4A6E001A7CC8 /* PBXTargetDependency */ = {
			isa = PBXTargetDependency;
			target = E461BD602BDB8BE2008CFD7D /* MVVM_RxSwift */;
			targetProxy = E48650D22BDE4A6E001A7CC8 /* PBXContainerItemProxy */;
		};
/* End PBXTargetDependency section */

/* Begin PBXVariantGroup section */
		E461BD6A2BDB8BE2008CFD7D /* Main.storyboard */ = {
			isa = PBXVariantGroup;
			children = (
				E461BD6B2BDB8BE2008CFD7D /* Base */,
			);
			name = Main.storyboard;
			sourceTree = "<group>";
		};
		E461BD6F2BDB8BE3008CFD7D /* LaunchScreen.storyboard */ = {
			isa = PBXVariantGroup;
			children = (
				E461BD702BDB8BE3008CFD7D /* Base */,
			);
			name = LaunchScreen.storyboard;
			sourceTree = "<group>";
		};
/* End PBXVariantGroup section */

/* Begin XCBuildConfiguration section */
		E461BD732BDB8BE3008CFD7D /* Debug */ = {
			isa = XCBuildConfiguration;
			buildSettings = {
				ALWAYS_SEARCH_USER_PATHS = NO;
				CLANG_ANALYZER_NONNULL = YES;
				CLANG_ANALYZER_NUMBER_OBJECT_CONVERSION = YES_AGGRESSIVE;
				CLANG_CXX_LANGUAGE_STANDARD = "gnu++20";
				CLANG_ENABLE_MODULES = YES;
				CLANG_ENABLE_OBJC_ARC = YES;
				CLANG_ENABLE_OBJC_WEAK = YES;
				CLANG_WARN_BLOCK_CAPTURE_AUTORELEASING = YES;
				CLANG_WARN_BOOL_CONVERSION = YES;
				CLANG_WARN_COMMA = YES;
				CLANG_WARN_CONSTANT_CONVERSION = YES;
				CLANG_WARN_DEPRECATED_OBJC_IMPLEMENTATIONS = YES;
				CLANG_WARN_DIRECT_OBJC_ISA_USAGE = YES_ERROR;
				CLANG_WARN_DOCUMENTATION_COMMENTS = YES;
				CLANG_WARN_EMPTY_BODY = YES;
				CLANG_WARN_ENUM_CONVERSION = YES;
				CLANG_WARN_INFINITE_RECURSION = YES;
				CLANG_WARN_INT_CONVERSION = YES;
				CLANG_WARN_NON_LITERAL_NULL_CONVERSION = YES;
				CLANG_WARN_OBJC_IMPLICIT_RETAIN_SELF = YES;
				CLANG_WARN_OBJC_LITERAL_CONVERSION = YES;
				CLANG_WARN_OBJC_ROOT_CLASS = YES_ERROR;
				CLANG_WARN_QUOTED_INCLUDE_IN_FRAMEWORK_HEADER = YES;
				CLANG_WARN_RANGE_LOOP_ANALYSIS = YES;
				CLANG_WARN_STRICT_PROTOTYPES = YES;
				CLANG_WARN_SUSPICIOUS_MOVE = YES;
				CLANG_WARN_UNGUARDED_AVAILABILITY = YES_AGGRESSIVE;
				CLANG_WARN_UNREACHABLE_CODE = YES;
				CLANG_WARN__DUPLICATE_METHOD_MATCH = YES;
				COPY_PHASE_STRIP = NO;
				DEBUG_INFORMATION_FORMAT = dwarf;
				ENABLE_STRICT_OBJC_MSGSEND = YES;
				ENABLE_TESTABILITY = YES;
				GCC_C_LANGUAGE_STANDARD = gnu11;
				GCC_DYNAMIC_NO_PIC = NO;
				GCC_NO_COMMON_BLOCKS = YES;
				GCC_OPTIMIZATION_LEVEL = 0;
				GCC_PREPROCESSOR_DEFINITIONS = (
					"DEBUG=1",
					"$(inherited)",
				);
				GCC_WARN_64_TO_32_BIT_CONVERSION = YES;
				GCC_WARN_ABOUT_RETURN_TYPE = YES_ERROR;
				GCC_WARN_UNDECLARED_SELECTOR = YES;
				GCC_WARN_UNINITIALIZED_AUTOS = YES_AGGRESSIVE;
				GCC_WARN_UNUSED_FUNCTION = YES;
				GCC_WARN_UNUSED_VARIABLE = YES;
				IPHONEOS_DEPLOYMENT_TARGET = 16.4;
				MTL_ENABLE_DEBUG_INFO = INCLUDE_SOURCE;
				MTL_FAST_MATH = YES;
				ONLY_ACTIVE_ARCH = YES;
				SDKROOT = iphoneos;
				SWIFT_ACTIVE_COMPILATION_CONDITIONS = DEBUG;
				SWIFT_OPTIMIZATION_LEVEL = "-Onone";
			};
			name = Debug;
		};
		E461BD742BDB8BE3008CFD7D /* Release */ = {
			isa = XCBuildConfiguration;
			buildSettings = {
				ALWAYS_SEARCH_USER_PATHS = NO;
				CLANG_ANALYZER_NONNULL = YES;
				CLANG_ANALYZER_NUMBER_OBJECT_CONVERSION = YES_AGGRESSIVE;
				CLANG_CXX_LANGUAGE_STANDARD = "gnu++20";
				CLANG_ENABLE_MODULES = YES;
				CLANG_ENABLE_OBJC_ARC = YES;
				CLANG_ENABLE_OBJC_WEAK = YES;
				CLANG_WARN_BLOCK_CAPTURE_AUTORELEASING = YES;
				CLANG_WARN_BOOL_CONVERSION = YES;
				CLANG_WARN_COMMA = YES;
				CLANG_WARN_CONSTANT_CONVERSION = YES;
				CLANG_WARN_DEPRECATED_OBJC_IMPLEMENTATIONS = YES;
				CLANG_WARN_DIRECT_OBJC_ISA_USAGE = YES_ERROR;
				CLANG_WARN_DOCUMENTATION_COMMENTS = YES;
				CLANG_WARN_EMPTY_BODY = YES;
				CLANG_WARN_ENUM_CONVERSION = YES;
				CLANG_WARN_INFINITE_RECURSION = YES;
				CLANG_WARN_INT_CONVERSION = YES;
				CLANG_WARN_NON_LITERAL_NULL_CONVERSION = YES;
				CLANG_WARN_OBJC_IMPLICIT_RETAIN_SELF = YES;
				CLANG_WARN_OBJC_LITERAL_CONVERSION = YES;
				CLANG_WARN_OBJC_ROOT_CLASS = YES_ERROR;
				CLANG_WARN_QUOTED_INCLUDE_IN_FRAMEWORK_HEADER = YES;
				CLANG_WARN_RANGE_LOOP_ANALYSIS = YES;
				CLANG_WARN_STRICT_PROTOTYPES = YES;
				CLANG_WARN_SUSPICIOUS_MOVE = YES;
				CLANG_WARN_UNGUARDED_AVAILABILITY = YES_AGGRESSIVE;
				CLANG_WARN_UNREACHABLE_CODE = YES;
				CLANG_WARN__DUPLICATE_METHOD_MATCH = YES;
				COPY_PHASE_STRIP = NO;
				DEBUG_INFORMATION_FORMAT = "dwarf-with-dsym";
				ENABLE_NS_ASSERTIONS = NO;
				ENABLE_STRICT_OBJC_MSGSEND = YES;
				GCC_C_LANGUAGE_STANDARD = gnu11;
				GCC_NO_COMMON_BLOCKS = YES;
				GCC_WARN_64_TO_32_BIT_CONVERSION = YES;
				GCC_WARN_ABOUT_RETURN_TYPE = YES_ERROR;
				GCC_WARN_UNDECLARED_SELECTOR = YES;
				GCC_WARN_UNINITIALIZED_AUTOS = YES_AGGRESSIVE;
				GCC_WARN_UNUSED_FUNCTION = YES;
				GCC_WARN_UNUSED_VARIABLE = YES;
				IPHONEOS_DEPLOYMENT_TARGET = 16.4;
				MTL_ENABLE_DEBUG_INFO = NO;
				MTL_FAST_MATH = YES;
				SDKROOT = iphoneos;
				SWIFT_COMPILATION_MODE = wholemodule;
				SWIFT_OPTIMIZATION_LEVEL = "-O";
				VALIDATE_PRODUCT = YES;
			};
			name = Release;
		};
		E461BD762BDB8BE3008CFD7D /* Debug */ = {
			isa = XCBuildConfiguration;
			buildSettings = {
				ASSETCATALOG_COMPILER_APPICON_NAME = AppIcon;
				ASSETCATALOG_COMPILER_GLOBAL_ACCENT_COLOR_NAME = AccentColor;
				CODE_SIGN_STYLE = Automatic;
				CURRENT_PROJECT_VERSION = 1;
				DEVELOPMENT_TEAM = Q653PU93R6;
				GENERATE_INFOPLIST_FILE = YES;
				INFOPLIST_FILE = MVVM_RxSwift/Info.plist;
				INFOPLIST_KEY_UIApplicationSupportsIndirectInputEvents = YES;
				INFOPLIST_KEY_UILaunchStoryboardName = LaunchScreen;
				INFOPLIST_KEY_UISupportedInterfaceOrientations_iPad = "UIInterfaceOrientationPortrait UIInterfaceOrientationPortraitUpsideDown UIInterfaceOrientationLandscapeLeft UIInterfaceOrientationLandscapeRight";
				INFOPLIST_KEY_UISupportedInterfaceOrientations_iPhone = "UIInterfaceOrientationPortrait UIInterfaceOrientationLandscapeLeft UIInterfaceOrientationLandscapeRight";
				INFOPLIST_KEY_UIUserInterfaceStyle = Light;
				LD_RUNPATH_SEARCH_PATHS = (
					"$(inherited)",
					"@executable_path/Frameworks",
				);
				MARKETING_VERSION = 1.0;
				PRODUCT_BUNDLE_IDENTIFIER = "WEDLE.MVVM-RxSwift";
				PRODUCT_NAME = "$(TARGET_NAME)";
				SWIFT_EMIT_LOC_STRINGS = YES;
				SWIFT_VERSION = 5.0;
				TARGETED_DEVICE_FAMILY = "1,2";
			};
			name = Debug;
		};
		E461BD772BDB8BE3008CFD7D /* Release */ = {
			isa = XCBuildConfiguration;
			buildSettings = {
				ASSETCATALOG_COMPILER_APPICON_NAME = AppIcon;
				ASSETCATALOG_COMPILER_GLOBAL_ACCENT_COLOR_NAME = AccentColor;
				CODE_SIGN_STYLE = Automatic;
				CURRENT_PROJECT_VERSION = 1;
				DEVELOPMENT_TEAM = Q653PU93R6;
				GENERATE_INFOPLIST_FILE = YES;
				INFOPLIST_FILE = MVVM_RxSwift/Info.plist;
				INFOPLIST_KEY_UIApplicationSupportsIndirectInputEvents = YES;
				INFOPLIST_KEY_UILaunchStoryboardName = LaunchScreen;
				INFOPLIST_KEY_UISupportedInterfaceOrientations_iPad = "UIInterfaceOrientationPortrait UIInterfaceOrientationPortraitUpsideDown UIInterfaceOrientationLandscapeLeft UIInterfaceOrientationLandscapeRight";
				INFOPLIST_KEY_UISupportedInterfaceOrientations_iPhone = "UIInterfaceOrientationPortrait UIInterfaceOrientationLandscapeLeft UIInterfaceOrientationLandscapeRight";
				INFOPLIST_KEY_UIUserInterfaceStyle = Light;
				LD_RUNPATH_SEARCH_PATHS = (
					"$(inherited)",
					"@executable_path/Frameworks",
				);
				MARKETING_VERSION = 1.0;
				PRODUCT_BUNDLE_IDENTIFIER = "WEDLE.MVVM-RxSwift";
				PRODUCT_NAME = "$(TARGET_NAME)";
				SWIFT_EMIT_LOC_STRINGS = YES;
				SWIFT_VERSION = 5.0;
				TARGETED_DEVICE_FAMILY = "1,2";
			};
			name = Release;
		};
		E48650C52BDE4A55001A7CC8 /* Debug */ = {
			isa = XCBuildConfiguration;
			buildSettings = {
				BUNDLE_LOADER = "$(TEST_HOST)";
				CODE_SIGN_STYLE = Automatic;
				CURRENT_PROJECT_VERSION = 1;
				DEVELOPMENT_TEAM = Q653PU93R6;
				GENERATE_INFOPLIST_FILE = YES;
				IPHONEOS_DEPLOYMENT_TARGET = 16.4;
				MACOSX_DEPLOYMENT_TARGET = 13.0;
				MARKETING_VERSION = 1.0;
				PRODUCT_BUNDLE_IDENTIFIER = "WEDLE.MVVM-RxSwiftTests-UnitTest";
				PRODUCT_NAME = "$(TARGET_NAME)";
				SDKROOT = auto;
				SUPPORTED_PLATFORMS = "iphoneos iphonesimulator macosx";
				SWIFT_EMIT_LOC_STRINGS = NO;
				SWIFT_VERSION = 5.0;
				TARGETED_DEVICE_FAMILY = "1,2";
				TEST_HOST = "$(BUILT_PRODUCTS_DIR)/MVVM_RxSwift.app/$(BUNDLE_EXECUTABLE_FOLDER_PATH)/MVVM_RxSwift";
			};
			name = Debug;
		};
		E48650C62BDE4A55001A7CC8 /* Release */ = {
			isa = XCBuildConfiguration;
			buildSettings = {
				BUNDLE_LOADER = "$(TEST_HOST)";
				CODE_SIGN_STYLE = Automatic;
				CURRENT_PROJECT_VERSION = 1;
				DEVELOPMENT_TEAM = Q653PU93R6;
				GENERATE_INFOPLIST_FILE = YES;
				IPHONEOS_DEPLOYMENT_TARGET = 16.4;
				MACOSX_DEPLOYMENT_TARGET = 13.0;
				MARKETING_VERSION = 1.0;
				PRODUCT_BUNDLE_IDENTIFIER = "WEDLE.MVVM-RxSwiftTests-UnitTest";
				PRODUCT_NAME = "$(TARGET_NAME)";
				SDKROOT = auto;
				SUPPORTED_PLATFORMS = "iphoneos iphonesimulator macosx";
				SWIFT_EMIT_LOC_STRINGS = NO;
				SWIFT_VERSION = 5.0;
				TARGETED_DEVICE_FAMILY = "1,2";
				TEST_HOST = "$(BUILT_PRODUCTS_DIR)/MVVM_RxSwift.app/$(BUNDLE_EXECUTABLE_FOLDER_PATH)/MVVM_RxSwift";
			};
			name = Release;
		};
		E48650D52BDE4A6E001A7CC8 /* Debug */ = {
			isa = XCBuildConfiguration;
			buildSettings = {
				CODE_SIGN_STYLE = Automatic;
				CURRENT_PROJECT_VERSION = 1;
				DEVELOPMENT_TEAM = Q653PU93R6;
				GENERATE_INFOPLIST_FILE = YES;
				MARKETING_VERSION = 1.0;
				PRODUCT_BUNDLE_IDENTIFIER = "WEDLE.MVVM-RxSwiftUITests";
				PRODUCT_NAME = "$(TARGET_NAME)";
				SWIFT_EMIT_LOC_STRINGS = NO;
				SWIFT_VERSION = 5.0;
				TARGETED_DEVICE_FAMILY = "1,2";
				TEST_TARGET_NAME = MVVM_RxSwift;
			};
			name = Debug;
		};
		E48650D62BDE4A6E001A7CC8 /* Release */ = {
			isa = XCBuildConfiguration;
			buildSettings = {
				CODE_SIGN_STYLE = Automatic;
				CURRENT_PROJECT_VERSION = 1;
				DEVELOPMENT_TEAM = Q653PU93R6;
				GENERATE_INFOPLIST_FILE = YES;
				MARKETING_VERSION = 1.0;
				PRODUCT_BUNDLE_IDENTIFIER = "WEDLE.MVVM-RxSwiftUITests";
				PRODUCT_NAME = "$(TARGET_NAME)";
				SWIFT_EMIT_LOC_STRINGS = NO;
				SWIFT_VERSION = 5.0;
				TARGETED_DEVICE_FAMILY = "1,2";
				TEST_TARGET_NAME = MVVM_RxSwift;
			};
			name = Release;
		};
/* End XCBuildConfiguration section */

/* Begin XCConfigurationList section */
		E461BD5C2BDB8BE2008CFD7D /* Build configuration list for PBXProject "MVVM_RxSwift" */ = {
			isa = XCConfigurationList;
			buildConfigurations = (
				E461BD732BDB8BE3008CFD7D /* Debug */,
				E461BD742BDB8BE3008CFD7D /* Release */,
			);
			defaultConfigurationIsVisible = 0;
			defaultConfigurationName = Release;
		};
		E461BD752BDB8BE3008CFD7D /* Build configuration list for PBXNativeTarget "MVVM_RxSwift" */ = {
			isa = XCConfigurationList;
			buildConfigurations = (
				E461BD762BDB8BE3008CFD7D /* Debug */,
				E461BD772BDB8BE3008CFD7D /* Release */,
			);
			defaultConfigurationIsVisible = 0;
			defaultConfigurationName = Release;
		};
		E48650C72BDE4A55001A7CC8 /* Build configuration list for PBXNativeTarget "MVVM_RxSwiftTests_UnitTest" */ = {
			isa = XCConfigurationList;
			buildConfigurations = (
				E48650C52BDE4A55001A7CC8 /* Debug */,
				E48650C62BDE4A55001A7CC8 /* Release */,
			);
			defaultConfigurationIsVisible = 0;
			defaultConfigurationName = Release;
		};
		E48650D42BDE4A6E001A7CC8 /* Build configuration list for PBXNativeTarget "MVVM_RxSwiftUITests" */ = {
			isa = XCConfigurationList;
			buildConfigurations = (
				E48650D52BDE4A6E001A7CC8 /* Debug */,
				E48650D62BDE4A6E001A7CC8 /* Release */,
			);
			defaultConfigurationIsVisible = 0;
			defaultConfigurationName = Release;
		};
/* End XCConfigurationList section */

/* Begin XCRemoteSwiftPackageReference section */
		E461BD7C2BDB90E5008CFD7D /* XCRemoteSwiftPackageReference "SnapKit" */ = {
			isa = XCRemoteSwiftPackageReference;
			repositoryURL = "https://github.com/SnapKit/SnapKit.git";
			requirement = {
				kind = upToNextMajorVersion;
				minimumVersion = 5.0.0;
			};
		};
		E461BD7F2BDB9106008CFD7D /* XCRemoteSwiftPackageReference "RxSwift" */ = {
			isa = XCRemoteSwiftPackageReference;
			repositoryURL = "https://github.com/ReactiveX/RxSwift.git";
			requirement = {
				kind = upToNextMajorVersion;
				minimumVersion = 6.0.0;
			};
		};
		E461BD862BDB9117008CFD7D /* XCRemoteSwiftPackageReference "Alamofire" */ = {
			isa = XCRemoteSwiftPackageReference;
			repositoryURL = "https://github.com/Alamofire/Alamofire.git";
			requirement = {
				kind = upToNextMajorVersion;
				minimumVersion = 5.0.0;
			};
		};
		E461BD892BDB98BA008CFD7D /* XCRemoteSwiftPackageReference "Kingfisher" */ = {
			isa = XCRemoteSwiftPackageReference;
			repositoryURL = "https://github.com/onevcat/Kingfisher.git";
			requirement = {
				kind = upToNextMajorVersion;
				minimumVersion = 7.0.0;
			};
		};
		E48650D72BDE6148001A7CC8 /* XCRemoteSwiftPackageReference "RxAlamofire" */ = {
			isa = XCRemoteSwiftPackageReference;
			repositoryURL = "https://github.com/RxSwiftCommunity/RxAlamofire.git";
			requirement = {
				kind = upToNextMajorVersion;
				minimumVersion = 6.0.0;
			};
		};
/* End XCRemoteSwiftPackageReference section */

/* Begin XCSwiftPackageProductDependency section */
		E461BD7D2BDB90E5008CFD7D /* SnapKit */ = {
			isa = XCSwiftPackageProductDependency;
			package = E461BD7C2BDB90E5008CFD7D /* XCRemoteSwiftPackageReference "SnapKit" */;
			productName = SnapKit;
		};
		E461BD802BDB9106008CFD7D /* RxCocoa */ = {
			isa = XCSwiftPackageProductDependency;
			package = E461BD7F2BDB9106008CFD7D /* XCRemoteSwiftPackageReference "RxSwift" */;
			productName = RxCocoa;
		};
		E461BD822BDB9106008CFD7D /* RxRelay */ = {
			isa = XCSwiftPackageProductDependency;
			package = E461BD7F2BDB9106008CFD7D /* XCRemoteSwiftPackageReference "RxSwift" */;
			productName = RxRelay;
		};
		E461BD842BDB9106008CFD7D /* RxSwift */ = {
			isa = XCSwiftPackageProductDependency;
			package = E461BD7F2BDB9106008CFD7D /* XCRemoteSwiftPackageReference "RxSwift" */;
			productName = RxSwift;
		};
		E461BD872BDB9117008CFD7D /* Alamofire */ = {
			isa = XCSwiftPackageProductDependency;
			package = E461BD862BDB9117008CFD7D /* XCRemoteSwiftPackageReference "Alamofire" */;
			productName = Alamofire;
		};
		E461BD8A2BDB98BA008CFD7D /* Kingfisher */ = {
			isa = XCSwiftPackageProductDependency;
			package = E461BD892BDB98BA008CFD7D /* XCRemoteSwiftPackageReference "Kingfisher" */;
			productName = Kingfisher;
		};
		E48650D82BDE6148001A7CC8 /* RxAlamofire */ = {
			isa = XCSwiftPackageProductDependency;
			package = E48650D72BDE6148001A7CC8 /* XCRemoteSwiftPackageReference "RxAlamofire" */;
			productName = RxAlamofire;
		};
/* End XCSwiftPackageProductDependency section */
	};
	rootObject = E461BD592BDB8BE2008CFD7D /* Project object */;
}
